
Microsoft Visual Studio Solution File, Format Version 12.00
# Visual Studio Version 17
VisualStudioVersion = 17.8.34330.188
MinimumVisualStudioVersion = 10.0.40219.1
Project("{FAE04EC0-301F-11D3-BF4B-00C04F79EFBC}") = "SocialTrust", "SocialTrust\SocialTrust.csproj", "{DBF61FDD-6A1D-41D3-8AF9-75AF0C04C535}"
EndProject
Global
	GlobalSection(SolutionConfigurationPlatforms) = preSolution
		Debug|Any CPU = Debug|Any CPU
		Release|Any CPU = Release|Any CPU
	EndGlobalSection
	GlobalSection(ProjectConfigurationPlatforms) = postSolution
		{DBF61FDD-6A1D-41D3-8AF9-75AF0C04C535}.Debug|Any CPU.ActiveCfg = Debug|Any CPU
		{DBF61FDD-6A1D-41D3-8AF9-75AF0C04C535}.Debug|Any CPU.Build.0 = Debug|Any CPU
		{DBF61FDD-6A1D-41D3-8AF9-75AF0C04C535}.Release|Any CPU.ActiveCfg = Release|Any CPU
		{DBF61FDD-6A1D-41D3-8AF9-75AF0C04C535}.Release|Any CPU.Build.0 = Release|Any CPU
	EndGlobalSection
	GlobalSection(SolutionProperties) = preSolution
		HideSolutionNode = FALSE
	EndGlobalSection
	GlobalSection(ExtensibilityGlobals) = postSolution
		SolutionGuid = {2F41D52E-C10A-4316-AC51-92691E5BE297}
	EndGlobalSection
EndGlobal
